
Microsoft Visual Studio Solution File, Format Version 12.00
# Visual Studio Version 17
VisualStudioVersion = 17.8.34309.116
MinimumVisualStudioVersion = 10.0.40219.1
Project("{FAE04EC0-301F-11D3-BF4B-00C04F79EFBC}") = "Setul 2 - ex. 11", "Setul 2 - ex. 11.csproj", "{18F64AE9-F5EE-4FF3-998B-25475C347A14}"
EndProject
Global
	GlobalSection(SolutionConfigurationPlatforms) = preSolution
		Debug|Any CPU = Debug|Any CPU
		Release|Any CPU = Release|Any CPU
	EndGlobalSection
	GlobalSection(ProjectConfigurationPlatforms) = postSolution
		{18F64AE9-F5EE-4FF3-998B-25475C347A14}.Debug|Any CPU.ActiveCfg = Debug|Any CPU
		{18F64AE9-F5EE-4FF3-998B-25475C347A14}.Debug|Any CPU.Build.0 = Debug|Any CPU
		{18F64AE9-F5EE-4FF3-998B-25475C347A14}.Release|Any CPU.ActiveCfg = Release|Any CPU
		{18F64AE9-F5EE-4FF3-998B-25475C347A14}.Release|Any CPU.Build.0 = Release|Any CPU
	EndGlobalSection
	GlobalSection(SolutionProperties) = preSolution
		HideSolutionNode = FALSE
	EndGlobalSection
	GlobalSection(ExtensibilityGlobals) = postSolution
		SolutionGuid = {20AA4161-AECC-4D4B-A6F8-F39CAAA71BF1}
	EndGlobalSection
EndGlobal
