
Microsoft Visual Studio Solution File, Format Version 12.00
# Visual Studio Version 16
VisualStudioVersion = 16.0.31515.178
MinimumVisualStudioVersion = 10.0.40219.1
Project("{FAE04EC0-301F-11D3-BF4B-00C04F79EFBC}") = "Setul 2 - ex. 5", "Setul 2 - ex. 5\Setul 2 - ex. 5.csproj", "{2A752984-E588-4B2B-A242-D1A026EB0695}"
EndProject
Global
	GlobalSection(SolutionConfigurationPlatforms) = preSolution
		Debug|Any CPU = Debug|Any CPU
		Release|Any CPU = Release|Any CPU
	EndGlobalSection
	GlobalSection(ProjectConfigurationPlatforms) = postSolution
		{2A752984-E588-4B2B-A242-D1A026EB0695}.Debug|Any CPU.ActiveCfg = Debug|Any CPU
		{2A752984-E588-4B2B-A242-D1A026EB0695}.Debug|Any CPU.Build.0 = Debug|Any CPU
		{2A752984-E588-4B2B-A242-D1A026EB0695}.Release|Any CPU.ActiveCfg = Release|Any CPU
		{2A752984-E588-4B2B-A242-D1A026EB0695}.Release|Any CPU.Build.0 = Release|Any CPU
	EndGlobalSection
	GlobalSection(SolutionProperties) = preSolution
		HideSolutionNode = FALSE
	EndGlobalSection
	GlobalSection(ExtensibilityGlobals) = postSolution
		SolutionGuid = {09E66900-C296-4F6B-BD90-2F81AC792DBA}
	EndGlobalSection
EndGlobal
