
Microsoft Visual Studio Solution File, Format Version 12.00
# Visual Studio Version 17
VisualStudioVersion = 17.8.34309.116
MinimumVisualStudioVersion = 10.0.40219.1
Project("{FAE04EC0-301F-11D3-BF4B-00C04F79EFBC}") = "Setul 2 -  ex. 15", "Setul 2 -  ex. 15.csproj", "{0B5723E3-4AB3-44D1-9EB1-B713A78ADF71}"
EndProject
Global
	GlobalSection(SolutionConfigurationPlatforms) = preSolution
		Debug|Any CPU = Debug|Any CPU
		Release|Any CPU = Release|Any CPU
	EndGlobalSection
	GlobalSection(ProjectConfigurationPlatforms) = postSolution
		{0B5723E3-4AB3-44D1-9EB1-B713A78ADF71}.Debug|Any CPU.ActiveCfg = Debug|Any CPU
		{0B5723E3-4AB3-44D1-9EB1-B713A78ADF71}.Debug|Any CPU.Build.0 = Debug|Any CPU
		{0B5723E3-4AB3-44D1-9EB1-B713A78ADF71}.Release|Any CPU.ActiveCfg = Release|Any CPU
		{0B5723E3-4AB3-44D1-9EB1-B713A78ADF71}.Release|Any CPU.Build.0 = Release|Any CPU
	EndGlobalSection
	GlobalSection(SolutionProperties) = preSolution
		HideSolutionNode = FALSE
	EndGlobalSection
	GlobalSection(ExtensibilityGlobals) = postSolution
		SolutionGuid = {3C58BFAA-064A-4966-B2C8-7A5CCD255B1C}
	EndGlobalSection
EndGlobal
